// !$*UTF8*$!
{
	archiveVersion = 1;
	classes = {
	};
	objectVersion = 55;
	objects = {

/* Begin PBXBuildFile section */
		103ACCAE284E4B2E00208AB7 /* News+Presenter.swift in Sources */ = {isa = PBXBuildFile; fileRef = 103ACCA7284E4B2E00208AB7 /* News+Presenter.swift */; };
		103ACCAF284E4B2E00208AB7 /* News+Router.swift in Sources */ = {isa = PBXBuildFile; fileRef = 103ACCA8284E4B2E00208AB7 /* News+Router.swift */; };
		103ACCB0284E4B2E00208AB7 /* News+Contracts.swift in Sources */ = {isa = PBXBuildFile; fileRef = 103ACCA9284E4B2E00208AB7 /* News+Contracts.swift */; };
		103ACCB1284E4B2E00208AB7 /* News+Interactor.swift in Sources */ = {isa = PBXBuildFile; fileRef = 103ACCAA284E4B2E00208AB7 /* News+Interactor.swift */; };
		103ACCB2284E4B2E00208AB7 /* NewsViewController.swift in Sources */ = {isa = PBXBuildFile; fileRef = 103ACCAB284E4B2E00208AB7 /* NewsViewController.swift */; };
		103ACCB5284E598E00208AB7 /* News.storyboard in Resources */ = {isa = PBXBuildFile; fileRef = 103ACCB4284E598E00208AB7 /* News.storyboard */; };
		103ACCBE284E680100208AB7 /* Network+Helper.swift in Sources */ = {isa = PBXBuildFile; fileRef = 103ACCBD284E680100208AB7 /* Network+Helper.swift */; };
		105C069C284D50ED00B097F0 /* AppDelegate.swift in Sources */ = {isa = PBXBuildFile; fileRef = 105C069B284D50ED00B097F0 /* AppDelegate.swift */; };
		105C06A5284D50EF00B097F0 /* Assets.xcassets in Resources */ = {isa = PBXBuildFile; fileRef = 105C06A4284D50EF00B097F0 /* Assets.xcassets */; };
		105C06A8284D50EF00B097F0 /* LaunchScreen.storyboard in Resources */ = {isa = PBXBuildFile; fileRef = 105C06A6284D50EF00B097F0 /* LaunchScreen.storyboard */; };
		105D350B284E400E000EF063 /* UITableView+Utility.swift in Sources */ = {isa = PBXBuildFile; fileRef = 105D3508284E400E000EF063 /* UITableView+Utility.swift */; };
		105D350C284E400E000EF063 /* Array+Extension.swift in Sources */ = {isa = PBXBuildFile; fileRef = 105D3509284E400E000EF063 /* Array+Extension.swift */; };
		105D350D284E400E000EF063 /* UIFont+Extension.swift in Sources */ = {isa = PBXBuildFile; fileRef = 105D350A284E400E000EF063 /* UIFont+Extension.swift */; };
		105D3514284E405E000EF063 /* Analytics+Event.swift in Sources */ = {isa = PBXBuildFile; fileRef = 105D3511284E405E000EF063 /* Analytics+Event.swift */; };
		105D3515284E405E000EF063 /* Analytics+Manager.swift in Sources */ = {isa = PBXBuildFile; fileRef = 105D3512284E405E000EF063 /* Analytics+Manager.swift */; };
		105D3516284E405E000EF063 /* Analytics+Engine.swift in Sources */ = {isa = PBXBuildFile; fileRef = 105D3513284E405E000EF063 /* Analytics+Engine.swift */; };
		105D351C284E40B3000EF063 /* Network+Manager.swift in Sources */ = {isa = PBXBuildFile; fileRef = 105D3519284E40B3000EF063 /* Network+Manager.swift */; };
		105D351D284E40B3000EF063 /* Network+Provider.swift in Sources */ = {isa = PBXBuildFile; fileRef = 105D351A284E40B3000EF063 /* Network+Provider.swift */; };
		105D351E284E40B3000EF063 /* Network+Contracts.swift in Sources */ = {isa = PBXBuildFile; fileRef = 105D351B284E40B3000EF063 /* Network+Contracts.swift */; };
		105D3522284E40DF000EF063 /* NewsModel.swift in Sources */ = {isa = PBXBuildFile; fileRef = 105D3521284E40DF000EF063 /* NewsModel.swift */; };
		105D3525284E414F000EF063 /* Constants.swift in Sources */ = {isa = PBXBuildFile; fileRef = 105D3524284E414F000EF063 /* Constants.swift */; };
		105D3528284E416D000EF063 /* Dummy+Data.swift in Sources */ = {isa = PBXBuildFile; fileRef = 105D3527284E416D000EF063 /* Dummy+Data.swift */; };
		105D352F284E41D4000EF063 /* Network+Test.swift in Sources */ = {isa = PBXBuildFile; fileRef = 105D352E284E41D4000EF063 /* Network+Test.swift */; };
		105D3532284E41F7000EF063 /* Stub+Endpoints.swift in Sources */ = {isa = PBXBuildFile; fileRef = 105D3531284E41F7000EF063 /* Stub+Endpoints.swift */; };
		108568B22850C383005EB39B /* AppCoordinator.swift in Sources */ = {isa = PBXBuildFile; fileRef = 108568B12850C383005EB39B /* AppCoordinator.swift */; };
		108568B42850C393005EB39B /* ViewControllerFactory.swift in Sources */ = {isa = PBXBuildFile; fileRef = 108568B32850C393005EB39B /* ViewControllerFactory.swift */; };
		108568B62850D108005EB39B /* NewsViewController+TableView.swift in Sources */ = {isa = PBXBuildFile; fileRef = 108568B52850D108005EB39B /* NewsViewController+TableView.swift */; };
		108568BA2850D31B005EB39B /* NewsTableViewCell.swift in Sources */ = {isa = PBXBuildFile; fileRef = 108568B82850D31B005EB39B /* NewsTableViewCell.swift */; };
		108568BB2850D31B005EB39B /* NewsTableViewCell.xib in Resources */ = {isa = PBXBuildFile; fileRef = 108568B92850D31B005EB39B /* NewsTableViewCell.xib */; };
		108E393E285137B3002C22DD /* Date+Extension.swift in Sources */ = {isa = PBXBuildFile; fileRef = 108E393D285137B3002C22DD /* Date+Extension.swift */; };
		B62A80D49659F0979BA3DD22 /* Pods_portfolyo.framework in Frameworks */ = {isa = PBXBuildFile; fileRef = C80D75F4256B7F26DFE37817 /* Pods_portfolyo.framework */; };
		E6D26DD7B33A840C7EB25B42 /* Pods_portfolyoTests.framework in Frameworks */ = {isa = PBXBuildFile; fileRef = F494D3C5EB6AF40A80810108 /* Pods_portfolyoTests.framework */; };
/* End PBXBuildFile section */

/* Begin PBXContainerItemProxy section */
		105D3500284E3E9B000EF063 /* PBXContainerItemProxy */ = {
			isa = PBXContainerItemProxy;
			containerPortal = 105C0690284D50ED00B097F0 /* Project object */;
			proxyType = 1;
			remoteGlobalIDString = 105C0697284D50ED00B097F0;
			remoteInfo = portfolyo;
		};
/* End PBXContainerItemProxy section */

/* Begin PBXFileReference section */
		103ACCA7284E4B2E00208AB7 /* News+Presenter.swift */ = {isa = PBXFileReference; lastKnownFileType = sourcecode.swift; path = "News+Presenter.swift"; sourceTree = "<group>"; };
		103ACCA8284E4B2E00208AB7 /* News+Router.swift */ = {isa = PBXFileReference; lastKnownFileType = sourcecode.swift; path = "News+Router.swift"; sourceTree = "<group>"; };
		103ACCA9284E4B2E00208AB7 /* News+Contracts.swift */ = {isa = PBXFileReference; lastKnownFileType = sourcecode.swift; path = "News+Contracts.swift"; sourceTree = "<group>"; };
		103ACCAA284E4B2E00208AB7 /* News+Interactor.swift */ = {isa = PBXFileReference; lastKnownFileType = sourcecode.swift; path = "News+Interactor.swift"; sourceTree = "<group>"; };
		103ACCAB284E4B2E00208AB7 /* NewsViewController.swift */ = {isa = PBXFileReference; lastKnownFileType = sourcecode.swift; path = NewsViewController.swift; sourceTree = "<group>"; };
		103ACCB4284E598E00208AB7 /* News.storyboard */ = {isa = PBXFileReference; lastKnownFileType = file.storyboard; path = News.storyboard; sourceTree = "<group>"; };
		103ACCBD284E680100208AB7 /* Network+Helper.swift */ = {isa = PBXFileReference; lastKnownFileType = sourcecode.swift; path = "Network+Helper.swift"; sourceTree = "<group>"; };
		105C0698284D50ED00B097F0 /* portfolyo.app */ = {isa = PBXFileReference; explicitFileType = wrapper.application; includeInIndex = 0; path = portfolyo.app; sourceTree = BUILT_PRODUCTS_DIR; };
		105C069B284D50ED00B097F0 /* AppDelegate.swift */ = {isa = PBXFileReference; lastKnownFileType = sourcecode.swift; path = AppDelegate.swift; sourceTree = "<group>"; };
		105C06A4284D50EF00B097F0 /* Assets.xcassets */ = {isa = PBXFileReference; lastKnownFileType = folder.assetcatalog; path = Assets.xcassets; sourceTree = "<group>"; };
		105C06A7284D50EF00B097F0 /* Base */ = {isa = PBXFileReference; lastKnownFileType = file.storyboard; name = Base; path = Base.lproj/LaunchScreen.storyboard; sourceTree = "<group>"; };
		105C06A9284D50EF00B097F0 /* Info.plist */ = {isa = PBXFileReference; lastKnownFileType = text.plist.xml; path = Info.plist; sourceTree = "<group>"; };
		105D34FC284E3E9B000EF063 /* portfolyoTests.xctest */ = {isa = PBXFileReference; explicitFileType = wrapper.cfbundle; includeInIndex = 0; path = portfolyoTests.xctest; sourceTree = BUILT_PRODUCTS_DIR; };
		105D3508284E400E000EF063 /* UITableView+Utility.swift */ = {isa = PBXFileReference; fileEncoding = 4; lastKnownFileType = sourcecode.swift; path = "UITableView+Utility.swift"; sourceTree = "<group>"; };
		105D3509284E400E000EF063 /* Array+Extension.swift */ = {isa = PBXFileReference; fileEncoding = 4; lastKnownFileType = sourcecode.swift; path = "Array+Extension.swift"; sourceTree = "<group>"; };
		105D350A284E400E000EF063 /* UIFont+Extension.swift */ = {isa = PBXFileReference; fileEncoding = 4; lastKnownFileType = sourcecode.swift; path = "UIFont+Extension.swift"; sourceTree = "<group>"; };
		105D3511284E405E000EF063 /* Analytics+Event.swift */ = {isa = PBXFileReference; fileEncoding = 4; lastKnownFileType = sourcecode.swift; path = "Analytics+Event.swift"; sourceTree = "<group>"; };
		105D3512284E405E000EF063 /* Analytics+Manager.swift */ = {isa = PBXFileReference; fileEncoding = 4; lastKnownFileType = sourcecode.swift; path = "Analytics+Manager.swift"; sourceTree = "<group>"; };
		105D3513284E405E000EF063 /* Analytics+Engine.swift */ = {isa = PBXFileReference; fileEncoding = 4; lastKnownFileType = sourcecode.swift; path = "Analytics+Engine.swift"; sourceTree = "<group>"; };
		105D3519284E40B3000EF063 /* Network+Manager.swift */ = {isa = PBXFileReference; fileEncoding = 4; lastKnownFileType = sourcecode.swift; path = "Network+Manager.swift"; sourceTree = "<group>"; };
		105D351A284E40B3000EF063 /* Network+Provider.swift */ = {isa = PBXFileReference; fileEncoding = 4; lastKnownFileType = sourcecode.swift; path = "Network+Provider.swift"; sourceTree = "<group>"; };
		105D351B284E40B3000EF063 /* Network+Contracts.swift */ = {isa = PBXFileReference; fileEncoding = 4; lastKnownFileType = sourcecode.swift; path = "Network+Contracts.swift"; sourceTree = "<group>"; };
		105D3521284E40DF000EF063 /* NewsModel.swift */ = {isa = PBXFileReference; lastKnownFileType = sourcecode.swift; path = NewsModel.swift; sourceTree = "<group>"; };
		105D3524284E414F000EF063 /* Constants.swift */ = {isa = PBXFileReference; fileEncoding = 4; lastKnownFileType = sourcecode.swift; path = Constants.swift; sourceTree = "<group>"; };
		105D3527284E416D000EF063 /* Dummy+Data.swift */ = {isa = PBXFileReference; fileEncoding = 4; lastKnownFileType = sourcecode.swift; path = "Dummy+Data.swift"; sourceTree = "<group>"; };
		105D352E284E41D4000EF063 /* Network+Test.swift */ = {isa = PBXFileReference; fileEncoding = 4; lastKnownFileType = sourcecode.swift; path = "Network+Test.swift"; sourceTree = "<group>"; };
		105D3531284E41F7000EF063 /* Stub+Endpoints.swift */ = {isa = PBXFileReference; fileEncoding = 4; lastKnownFileType = sourcecode.swift; path = "Stub+Endpoints.swift"; sourceTree = "<group>"; };
		108568B12850C383005EB39B /* AppCoordinator.swift */ = {isa = PBXFileReference; lastKnownFileType = sourcecode.swift; path = AppCoordinator.swift; sourceTree = "<group>"; };
		108568B32850C393005EB39B /* ViewControllerFactory.swift */ = {isa = PBXFileReference; lastKnownFileType = sourcecode.swift; path = ViewControllerFactory.swift; sourceTree = "<group>"; };
		108568B52850D108005EB39B /* NewsViewController+TableView.swift */ = {isa = PBXFileReference; lastKnownFileType = sourcecode.swift; path = "NewsViewController+TableView.swift"; sourceTree = "<group>"; };
		108568B82850D31B005EB39B /* NewsTableViewCell.swift */ = {isa = PBXFileReference; lastKnownFileType = sourcecode.swift; path = NewsTableViewCell.swift; sourceTree = "<group>"; };
		108568B92850D31B005EB39B /* NewsTableViewCell.xib */ = {isa = PBXFileReference; lastKnownFileType = file.xib; path = NewsTableViewCell.xib; sourceTree = "<group>"; };
		108E393D285137B3002C22DD /* Date+Extension.swift */ = {isa = PBXFileReference; lastKnownFileType = sourcecode.swift; path = "Date+Extension.swift"; sourceTree = "<group>"; };
		322C46EAC35EFBCEC6AFD677 /* Pods-portfolyoTests.debug.xcconfig */ = {isa = PBXFileReference; includeInIndex = 1; lastKnownFileType = text.xcconfig; name = "Pods-portfolyoTests.debug.xcconfig"; path = "Target Support Files/Pods-portfolyoTests/Pods-portfolyoTests.debug.xcconfig"; sourceTree = "<group>"; };
		4E784E3802B3B193072AB0CB /* Pods-portfolyo.debug.xcconfig */ = {isa = PBXFileReference; includeInIndex = 1; lastKnownFileType = text.xcconfig; name = "Pods-portfolyo.debug.xcconfig"; path = "Target Support Files/Pods-portfolyo/Pods-portfolyo.debug.xcconfig"; sourceTree = "<group>"; };
		764CCA30352C22269A15FF61 /* Pods-portfolyoTests.release.xcconfig */ = {isa = PBXFileReference; includeInIndex = 1; lastKnownFileType = text.xcconfig; name = "Pods-portfolyoTests.release.xcconfig"; path = "Target Support Files/Pods-portfolyoTests/Pods-portfolyoTests.release.xcconfig"; sourceTree = "<group>"; };
		77006B66FD812CAB1418C10C /* Pods-portfolyo.release.xcconfig */ = {isa = PBXFileReference; includeInIndex = 1; lastKnownFileType = text.xcconfig; name = "Pods-portfolyo.release.xcconfig"; path = "Target Support Files/Pods-portfolyo/Pods-portfolyo.release.xcconfig"; sourceTree = "<group>"; };
		C80D75F4256B7F26DFE37817 /* Pods_portfolyo.framework */ = {isa = PBXFileReference; explicitFileType = wrapper.framework; includeInIndex = 0; path = Pods_portfolyo.framework; sourceTree = BUILT_PRODUCTS_DIR; };
		F494D3C5EB6AF40A80810108 /* Pods_portfolyoTests.framework */ = {isa = PBXFileReference; explicitFileType = wrapper.framework; includeInIndex = 0; path = Pods_portfolyoTests.framework; sourceTree = BUILT_PRODUCTS_DIR; };
/* End PBXFileReference section */

/* Begin PBXFrameworksBuildPhase section */
		105C0695284D50ED00B097F0 /* Frameworks */ = {
			isa = PBXFrameworksBuildPhase;
			buildActionMask = 2147483647;
			files = (
				B62A80D49659F0979BA3DD22 /* Pods_portfolyo.framework in Frameworks */,
			);
			runOnlyForDeploymentPostprocessing = 0;
		};
		105D34F9284E3E9B000EF063 /* Frameworks */ = {
			isa = PBXFrameworksBuildPhase;
			buildActionMask = 2147483647;
			files = (
				E6D26DD7B33A840C7EB25B42 /* Pods_portfolyoTests.framework in Frameworks */,
			);
			runOnlyForDeploymentPostprocessing = 0;
		};
/* End PBXFrameworksBuildPhase section */

/* Begin PBXGroup section */
		103ACCBA284E644400208AB7 /* View */ = {
			isa = PBXGroup;
			children = (
				108568B72850D308005EB39B /* Cells */,
				103ACCAB284E4B2E00208AB7 /* NewsViewController.swift */,
				108568B52850D108005EB39B /* NewsViewController+TableView.swift */,
			);
			path = View;
			sourceTree = "<group>";
		};
		103ACCBB284E66D200208AB7 /* Modules */ = {
			isa = PBXGroup;
			children = (
				103ACCAA284E4B2E00208AB7 /* News+Interactor.swift */,
				103ACCA7284E4B2E00208AB7 /* News+Presenter.swift */,
				103ACCA8284E4B2E00208AB7 /* News+Router.swift */,
			);
			path = Modules;
			sourceTree = "<group>";
		};
		103ACCBC284E66E000208AB7 /* Resources */ = {
			isa = PBXGroup;
			children = (
				103ACCB4284E598E00208AB7 /* News.storyboard */,
				103ACCA9284E4B2E00208AB7 /* News+Contracts.swift */,
			);
			path = Resources;
			sourceTree = "<group>";
		};
		105C068F284D50ED00B097F0 = {
			isa = PBXGroup;
			children = (
				105C069A284D50ED00B097F0 /* portfolyo */,
				105D34FD284E3E9B000EF063 /* portfolyoTests */,
				105C0699284D50ED00B097F0 /* Products */,
				5CB9D2B8FFD435CB670A7D45 /* Pods */,
				177BCD669E074FAE0FA0FEB2 /* Frameworks */,
			);
			sourceTree = "<group>";
		};
		105C0699284D50ED00B097F0 /* Products */ = {
			isa = PBXGroup;
			children = (
				105C0698284D50ED00B097F0 /* portfolyo.app */,
				105D34FC284E3E9B000EF063 /* portfolyoTests.xctest */,
			);
			name = Products;
			sourceTree = "<group>";
		};
		105C069A284D50ED00B097F0 /* portfolyo */ = {
			isa = PBXGroup;
			children = (
				105C06B0284D512400B097F0 /* App */,
				105D350E284E4035000EF063 /* Common */,
				105D3517284E4088000EF063 /* Network */,
				105C06AF284D511E00B097F0 /* Scenes */,
				105C06B1284D512900B097F0 /* Support Files */,
			);
			path = portfolyo;
			sourceTree = "<group>";
		};
		105C06AF284D511E00B097F0 /* Scenes */ = {
			isa = PBXGroup;
			children = (
				105D3533284E4834000EF063 /* News */,
			);
			path = Scenes;
			sourceTree = "<group>";
		};
		105C06B0284D512400B097F0 /* App */ = {
			isa = PBXGroup;
			children = (
				105C069B284D50ED00B097F0 /* AppDelegate.swift */,
				108568B02850C374005EB39B /* Helpers */,
			);
			path = App;
			sourceTree = "<group>";
		};
		105C06B1284D512900B097F0 /* Support Files */ = {
			isa = PBXGroup;
			children = (
				105C06A6284D50EF00B097F0 /* LaunchScreen.storyboard */,
				105C06A4284D50EF00B097F0 /* Assets.xcassets */,
				105C06A9284D50EF00B097F0 /* Info.plist */,
			);
			path = "Support Files";
			sourceTree = "<group>";
		};
		105D34FD284E3E9B000EF063 /* portfolyoTests */ = {
			isa = PBXGroup;
			children = (
				105D3529284E4191000EF063 /* Network */,
				105D3530284E41E8000EF063 /* Test+Helpers */,
			);
			path = portfolyoTests;
			sourceTree = "<group>";
		};
		105D3507284E4005000EF063 /* Extension */ = {
			isa = PBXGroup;
			children = (
				105D3509284E400E000EF063 /* Array+Extension.swift */,
				105D350A284E400E000EF063 /* UIFont+Extension.swift */,
				105D3508284E400E000EF063 /* UITableView+Utility.swift */,
				108E393D285137B3002C22DD /* Date+Extension.swift */,
			);
			path = Extension;
			sourceTree = "<group>";
		};
		105D350E284E4035000EF063 /* Common */ = {
			isa = PBXGroup;
			children = (
				105D3507284E4005000EF063 /* Extension */,
				105D350F284E4041000EF063 /* Manager */,
				105D3526284E4161000EF063 /* Testing */,
				105D3523284E4143000EF063 /* Utilites */,
			);
			path = Common;
			sourceTree = "<group>";
		};
		105D350F284E4041000EF063 /* Manager */ = {
			isa = PBXGroup;
			children = (
				105D3510284E404A000EF063 /* LogManager */,
			);
			path = Manager;
			sourceTree = "<group>";
		};
		105D3510284E404A000EF063 /* LogManager */ = {
			isa = PBXGroup;
			children = (
				105D3513284E405E000EF063 /* Analytics+Engine.swift */,
				105D3511284E405E000EF063 /* Analytics+Event.swift */,
				105D3512284E405E000EF063 /* Analytics+Manager.swift */,
			);
			path = LogManager;
			sourceTree = "<group>";
		};
		105D3517284E4088000EF063 /* Network */ = {
			isa = PBXGroup;
			children = (
				105D351F284E40CF000EF063 /* Models */,
				105D3518284E409A000EF063 /* Manager */,
			);
			path = Network;
			sourceTree = "<group>";
		};
		105D3518284E409A000EF063 /* Manager */ = {
			isa = PBXGroup;
			children = (
				105D351B284E40B3000EF063 /* Network+Contracts.swift */,
				105D3519284E40B3000EF063 /* Network+Manager.swift */,
				105D351A284E40B3000EF063 /* Network+Provider.swift */,
				103ACCBD284E680100208AB7 /* Network+Helper.swift */,
			);
			path = Manager;
			sourceTree = "<group>";
		};
		105D351F284E40CF000EF063 /* Models */ = {
			isa = PBXGroup;
			children = (
				105D3520284E40D6000EF063 /* News */,
			);
			path = Models;
			sourceTree = "<group>";
		};
		105D3520284E40D6000EF063 /* News */ = {
			isa = PBXGroup;
			children = (
				105D3521284E40DF000EF063 /* NewsModel.swift */,
			);
			path = News;
			sourceTree = "<group>";
		};
		105D3523284E4143000EF063 /* Utilites */ = {
			isa = PBXGroup;
			children = (
				105D3524284E414F000EF063 /* Constants.swift */,
			);
			path = Utilites;
			sourceTree = "<group>";
		};
		105D3526284E4161000EF063 /* Testing */ = {
			isa = PBXGroup;
			children = (
				105D3527284E416D000EF063 /* Dummy+Data.swift */,
			);
			path = Testing;
			sourceTree = "<group>";
		};
		105D3529284E4191000EF063 /* Network */ = {
			isa = PBXGroup;
			children = (
				105D352E284E41D4000EF063 /* Network+Test.swift */,
			);
			path = Network;
			sourceTree = "<group>";
		};
		105D3530284E41E8000EF063 /* Test+Helpers */ = {
			isa = PBXGroup;
			children = (
				105D3531284E41F7000EF063 /* Stub+Endpoints.swift */,
			);
			path = "Test+Helpers";
			sourceTree = "<group>";
		};
		105D3533284E4834000EF063 /* News */ = {
			isa = PBXGroup;
			children = (
				103ACCBB284E66D200208AB7 /* Modules */,
				103ACCBC284E66E000208AB7 /* Resources */,
				103ACCBA284E644400208AB7 /* View */,
			);
			path = News;
			sourceTree = "<group>";
		};
		108568B02850C374005EB39B /* Helpers */ = {
			isa = PBXGroup;
			children = (
				108568B12850C383005EB39B /* AppCoordinator.swift */,
				108568B32850C393005EB39B /* ViewControllerFactory.swift */,
			);
			path = Helpers;
			sourceTree = "<group>";
		};
		108568B72850D308005EB39B /* Cells */ = {
			isa = PBXGroup;
			children = (
				108568B82850D31B005EB39B /* NewsTableViewCell.swift */,
				108568B92850D31B005EB39B /* NewsTableViewCell.xib */,
			);
			path = Cells;
			sourceTree = "<group>";
		};
		177BCD669E074FAE0FA0FEB2 /* Frameworks */ = {
			isa = PBXGroup;
			children = (
				C80D75F4256B7F26DFE37817 /* Pods_portfolyo.framework */,
				F494D3C5EB6AF40A80810108 /* Pods_portfolyoTests.framework */,
			);
			name = Frameworks;
			sourceTree = "<group>";
		};
		5CB9D2B8FFD435CB670A7D45 /* Pods */ = {
			isa = PBXGroup;
			children = (
				4E784E3802B3B193072AB0CB /* Pods-portfolyo.debug.xcconfig */,
				77006B66FD812CAB1418C10C /* Pods-portfolyo.release.xcconfig */,
				322C46EAC35EFBCEC6AFD677 /* Pods-portfolyoTests.debug.xcconfig */,
				764CCA30352C22269A15FF61 /* Pods-portfolyoTests.release.xcconfig */,
			);
			path = Pods;
			sourceTree = "<group>";
		};
/* End PBXGroup section */

/* Begin PBXNativeTarget section */
		105C0697284D50ED00B097F0 /* portfolyo */ = {
			isa = PBXNativeTarget;
			buildConfigurationList = 105C06AC284D50EF00B097F0 /* Build configuration list for PBXNativeTarget "portfolyo" */;
			buildPhases = (
				C9194B9222162C3ADF032B5A /* [CP] Check Pods Manifest.lock */,
				105C0694284D50ED00B097F0 /* Sources */,
				105C0695284D50ED00B097F0 /* Frameworks */,
				105C0696284D50ED00B097F0 /* Resources */,
				58C1D0DC7D792DC443545906 /* [CP] Embed Pods Frameworks */,
			);
			buildRules = (
			);
			dependencies = (
			);
			name = portfolyo;
			productName = portfolyo;
			productReference = 105C0698284D50ED00B097F0 /* portfolyo.app */;
			productType = "com.apple.product-type.application";
		};
		105D34FB284E3E9B000EF063 /* portfolyoTests */ = {
			isa = PBXNativeTarget;
			buildConfigurationList = 105D3504284E3E9B000EF063 /* Build configuration list for PBXNativeTarget "portfolyoTests" */;
			buildPhases = (
				E41FCBDF62177B49B6027EA7 /* [CP] Check Pods Manifest.lock */,
				105D34F8284E3E9B000EF063 /* Sources */,
				105D34F9284E3E9B000EF063 /* Frameworks */,
				105D34FA284E3E9B000EF063 /* Resources */,
			);
			buildRules = (
			);
			dependencies = (
				105D3501284E3E9B000EF063 /* PBXTargetDependency */,
			);
			name = portfolyoTests;
			productName = portfolyoTests;
			productReference = 105D34FC284E3E9B000EF063 /* portfolyoTests.xctest */;
			productType = "com.apple.product-type.bundle.unit-test";
		};
/* End PBXNativeTarget section */

/* Begin PBXProject section */
		105C0690284D50ED00B097F0 /* Project object */ = {
			isa = PBXProject;
			attributes = {
				BuildIndependentTargetsInParallel = 1;
				LastSwiftUpdateCheck = 1340;
				LastUpgradeCheck = 1340;
				TargetAttributes = {
					105C0697284D50ED00B097F0 = {
						CreatedOnToolsVersion = 13.4;
					};
					105D34FB284E3E9B000EF063 = {
						CreatedOnToolsVersion = 13.4;
						LastSwiftMigration = 1340;
						TestTargetID = 105C0697284D50ED00B097F0;
					};
				};
			};
			buildConfigurationList = 105C0693284D50ED00B097F0 /* Build configuration list for PBXProject "portfolyo" */;
			compatibilityVersion = "Xcode 13.0";
			developmentRegion = en;
			hasScannedForEncodings = 0;
			knownRegions = (
				en,
				Base,
			);
			mainGroup = 105C068F284D50ED00B097F0;
			productRefGroup = 105C0699284D50ED00B097F0 /* Products */;
			projectDirPath = "";
			projectRoot = "";
			targets = (
				105C0697284D50ED00B097F0 /* portfolyo */,
				105D34FB284E3E9B000EF063 /* portfolyoTests */,
			);
		};
/* End PBXProject section */

/* Begin PBXResourcesBuildPhase section */
		105C0696284D50ED00B097F0 /* Resources */ = {
			isa = PBXResourcesBuildPhase;
			buildActionMask = 2147483647;
			files = (
				105C06A8284D50EF00B097F0 /* LaunchScreen.storyboard in Resources */,
				103ACCB5284E598E00208AB7 /* News.storyboard in Resources */,
				108568BB2850D31B005EB39B /* NewsTableViewCell.xib in Resources */,
				105C06A5284D50EF00B097F0 /* Assets.xcassets in Resources */,
			);
			runOnlyForDeploymentPostprocessing = 0;
		};
		105D34FA284E3E9B000EF063 /* Resources */ = {
			isa = PBXResourcesBuildPhase;
			buildActionMask = 2147483647;
			files = (
			);
			runOnlyForDeploymentPostprocessing = 0;
		};
/* End PBXResourcesBuildPhase section */

/* Begin PBXShellScriptBuildPhase section */
		58C1D0DC7D792DC443545906 /* [CP] Embed Pods Frameworks */ = {
			isa = PBXShellScriptBuildPhase;
			buildActionMask = 2147483647;
			files = (
			);
			inputFileListPaths = (
				"${PODS_ROOT}/Target Support Files/Pods-portfolyo/Pods-portfolyo-frameworks-${CONFIGURATION}-input-files.xcfilelist",
			);
			name = "[CP] Embed Pods Frameworks";
			outputFileListPaths = (
				"${PODS_ROOT}/Target Support Files/Pods-portfolyo/Pods-portfolyo-frameworks-${CONFIGURATION}-output-files.xcfilelist",
			);
			runOnlyForDeploymentPostprocessing = 0;
			shellPath = /bin/sh;
			shellScript = "\"${PODS_ROOT}/Target Support Files/Pods-portfolyo/Pods-portfolyo-frameworks.sh\"\n";
			showEnvVarsInLog = 0;
		};
		C9194B9222162C3ADF032B5A /* [CP] Check Pods Manifest.lock */ = {
			isa = PBXShellScriptBuildPhase;
			buildActionMask = 2147483647;
			files = (
			);
			inputFileListPaths = (
			);
			inputPaths = (
				"${PODS_PODFILE_DIR_PATH}/Podfile.lock",
				"${PODS_ROOT}/Manifest.lock",
			);
			name = "[CP] Check Pods Manifest.lock";
			outputFileListPaths = (
			);
			outputPaths = (
				"$(DERIVED_FILE_DIR)/Pods-portfolyo-checkManifestLockResult.txt",
			);
			runOnlyForDeploymentPostprocessing = 0;
			shellPath = /bin/sh;
			shellScript = "diff \"${PODS_PODFILE_DIR_PATH}/Podfile.lock\" \"${PODS_ROOT}/Manifest.lock\" > /dev/null\nif [ $? != 0 ] ; then\n    # print error to STDERR\n    echo \"error: The sandbox is not in sync with the Podfile.lock. Run 'pod install' or update your CocoaPods installation.\" >&2\n    exit 1\nfi\n# This output is used by Xcode 'outputs' to avoid re-running this script phase.\necho \"SUCCESS\" > \"${SCRIPT_OUTPUT_FILE_0}\"\n";
			showEnvVarsInLog = 0;
		};
		E41FCBDF62177B49B6027EA7 /* [CP] Check Pods Manifest.lock */ = {
			isa = PBXShellScriptBuildPhase;
			buildActionMask = 2147483647;
			files = (
			);
			inputFileListPaths = (
			);
			inputPaths = (
				"${PODS_PODFILE_DIR_PATH}/Podfile.lock",
				"${PODS_ROOT}/Manifest.lock",
			);
			name = "[CP] Check Pods Manifest.lock";
			outputFileListPaths = (
			);
			outputPaths = (
				"$(DERIVED_FILE_DIR)/Pods-portfolyoTests-checkManifestLockResult.txt",
			);
			runOnlyForDeploymentPostprocessing = 0;
			shellPath = /bin/sh;
			shellScript = "diff \"${PODS_PODFILE_DIR_PATH}/Podfile.lock\" \"${PODS_ROOT}/Manifest.lock\" > /dev/null\nif [ $? != 0 ] ; then\n    # print error to STDERR\n    echo \"error: The sandbox is not in sync with the Podfile.lock. Run 'pod install' or update your CocoaPods installation.\" >&2\n    exit 1\nfi\n# This output is used by Xcode 'outputs' to avoid re-running this script phase.\necho \"SUCCESS\" > \"${SCRIPT_OUTPUT_FILE_0}\"\n";
			showEnvVarsInLog = 0;
		};
/* End PBXShellScriptBuildPhase section */

/* Begin PBXSourcesBuildPhase section */
		105C0694284D50ED00B097F0 /* Sources */ = {
			isa = PBXSourcesBuildPhase;
			buildActionMask = 2147483647;
			files = (
				105D3528284E416D000EF063 /* Dummy+Data.swift in Sources */,
				105D3522284E40DF000EF063 /* NewsModel.swift in Sources */,
				103ACCB0284E4B2E00208AB7 /* News+Contracts.swift in Sources */,
				103ACCAF284E4B2E00208AB7 /* News+Router.swift in Sources */,
				103ACCAE284E4B2E00208AB7 /* News+Presenter.swift in Sources */,
				108E393E285137B3002C22DD /* Date+Extension.swift in Sources */,
				105D350B284E400E000EF063 /* UITableView+Utility.swift in Sources */,
				105D351E284E40B3000EF063 /* Network+Contracts.swift in Sources */,
				105D3516284E405E000EF063 /* Analytics+Engine.swift in Sources */,
				108568BA2850D31B005EB39B /* NewsTableViewCell.swift in Sources */,
				105C069C284D50ED00B097F0 /* AppDelegate.swift in Sources */,
				105D350D284E400E000EF063 /* UIFont+Extension.swift in Sources */,
				105D3525284E414F000EF063 /* Constants.swift in Sources */,
				103ACCB2284E4B2E00208AB7 /* NewsViewController.swift in Sources */,
				108568B22850C383005EB39B /* AppCoordinator.swift in Sources */,
				108568B62850D108005EB39B /* NewsViewController+TableView.swift in Sources */,
				105D351D284E40B3000EF063 /* Network+Provider.swift in Sources */,
				105D351C284E40B3000EF063 /* Network+Manager.swift in Sources */,
				108568B42850C393005EB39B /* ViewControllerFactory.swift in Sources */,
				105D3515284E405E000EF063 /* Analytics+Manager.swift in Sources */,
				103ACCBE284E680100208AB7 /* Network+Helper.swift in Sources */,
				105D350C284E400E000EF063 /* Array+Extension.swift in Sources */,
				103ACCB1284E4B2E00208AB7 /* News+Interactor.swift in Sources */,
				105D3514284E405E000EF063 /* Analytics+Event.swift in Sources */,
			);
			runOnlyForDeploymentPostprocessing = 0;
		};
		105D34F8284E3E9B000EF063 /* Sources */ = {
			isa = PBXSourcesBuildPhase;
			buildActionMask = 2147483647;
			files = (
				105D3532284E41F7000EF063 /* Stub+Endpoints.swift in Sources */,
				105D352F284E41D4000EF063 /* Network+Test.swift in Sources */,
			);
			runOnlyForDeploymentPostprocessing = 0;
		};
/* End PBXSourcesBuildPhase section */

/* Begin PBXTargetDependency section */
		105D3501284E3E9B000EF063 /* PBXTargetDependency */ = {
			isa = PBXTargetDependency;
			target = 105C0697284D50ED00B097F0 /* portfolyo */;
			targetProxy = 105D3500284E3E9B000EF063 /* PBXContainerItemProxy */;
		};
/* End PBXTargetDependency section */

/* Begin PBXVariantGroup section */
		105C06A6284D50EF00B097F0 /* LaunchScreen.storyboard */ = {
			isa = PBXVariantGroup;
			children = (
				105C06A7284D50EF00B097F0 /* Base */,
			);
			name = LaunchScreen.storyboard;
			sourceTree = "<group>";
		};
/* End PBXVariantGroup section */

/* Begin XCBuildConfiguration section */
		105C06AA284D50EF00B097F0 /* Debug */ = {
			isa = XCBuildConfiguration;
			buildSettings = {
				ALWAYS_SEARCH_USER_PATHS = NO;
				CLANG_ANALYZER_NONNULL = YES;
				CLANG_ANALYZER_NUMBER_OBJECT_CONVERSION = YES_AGGRESSIVE;
				CLANG_CXX_LANGUAGE_STANDARD = "gnu++17";
				CLANG_ENABLE_MODULES = YES;
				CLANG_ENABLE_OBJC_ARC = YES;
				CLANG_ENABLE_OBJC_WEAK = YES;
				CLANG_WARN_BLOCK_CAPTURE_AUTORELEASING = YES;
				CLANG_WARN_BOOL_CONVERSION = YES;
				CLANG_WARN_COMMA = YES;
				CLANG_WARN_CONSTANT_CONVERSION = YES;
				CLANG_WARN_DEPRECATED_OBJC_IMPLEMENTATIONS = YES;
				CLANG_WARN_DIRECT_OBJC_ISA_USAGE = YES_ERROR;
				CLANG_WARN_DOCUMENTATION_COMMENTS = YES;
				CLANG_WARN_EMPTY_BODY = YES;
				CLANG_WARN_ENUM_CONVERSION = YES;
				CLANG_WARN_INFINITE_RECURSION = YES;
				CLANG_WARN_INT_CONVERSION = YES;
				CLANG_WARN_NON_LITERAL_NULL_CONVERSION = YES;
				CLANG_WARN_OBJC_IMPLICIT_RETAIN_SELF = YES;
				CLANG_WARN_OBJC_LITERAL_CONVERSION = YES;
				CLANG_WARN_OBJC_ROOT_CLASS = YES_ERROR;
				CLANG_WARN_QUOTED_INCLUDE_IN_FRAMEWORK_HEADER = YES;
				CLANG_WARN_RANGE_LOOP_ANALYSIS = YES;
				CLANG_WARN_STRICT_PROTOTYPES = YES;
				CLANG_WARN_SUSPICIOUS_MOVE = YES;
				CLANG_WARN_UNGUARDED_AVAILABILITY = YES_AGGRESSIVE;
				CLANG_WARN_UNREACHABLE_CODE = YES;
				CLANG_WARN__DUPLICATE_METHOD_MATCH = YES;
				COPY_PHASE_STRIP = NO;
				DEBUG_INFORMATION_FORMAT = dwarf;
				ENABLE_STRICT_OBJC_MSGSEND = YES;
				ENABLE_TESTABILITY = YES;
				GCC_C_LANGUAGE_STANDARD = gnu11;
				GCC_DYNAMIC_NO_PIC = NO;
				GCC_NO_COMMON_BLOCKS = YES;
				GCC_OPTIMIZATION_LEVEL = 0;
				GCC_PREPROCESSOR_DEFINITIONS = (
					"DEBUG=1",
					"$(inherited)",
				);
				GCC_WARN_64_TO_32_BIT_CONVERSION = YES;
				GCC_WARN_ABOUT_RETURN_TYPE = YES_ERROR;
				GCC_WARN_UNDECLARED_SELECTOR = YES;
				GCC_WARN_UNINITIALIZED_AUTOS = YES_AGGRESSIVE;
				GCC_WARN_UNUSED_FUNCTION = YES;
				GCC_WARN_UNUSED_VARIABLE = YES;
				IPHONEOS_DEPLOYMENT_TARGET = 15.5;
				MTL_ENABLE_DEBUG_INFO = INCLUDE_SOURCE;
				MTL_FAST_MATH = YES;
				ONLY_ACTIVE_ARCH = YES;
				SDKROOT = iphoneos;
				SWIFT_ACTIVE_COMPILATION_CONDITIONS = DEBUG;
				SWIFT_OPTIMIZATION_LEVEL = "-Onone";
			};
			name = Debug;
		};
		105C06AB284D50EF00B097F0 /* Release */ = {
			isa = XCBuildConfiguration;
			buildSettings = {
				ALWAYS_SEARCH_USER_PATHS = NO;
				CLANG_ANALYZER_NONNULL = YES;
				CLANG_ANALYZER_NUMBER_OBJECT_CONVERSION = YES_AGGRESSIVE;
				CLANG_CXX_LANGUAGE_STANDARD = "gnu++17";
				CLANG_ENABLE_MODULES = YES;
				CLANG_ENABLE_OBJC_ARC = YES;
				CLANG_ENABLE_OBJC_WEAK = YES;
				CLANG_WARN_BLOCK_CAPTURE_AUTORELEASING = YES;
				CLANG_WARN_BOOL_CONVERSION = YES;
				CLANG_WARN_COMMA = YES;
				CLANG_WARN_CONSTANT_CONVERSION = YES;
				CLANG_WARN_DEPRECATED_OBJC_IMPLEMENTATIONS = YES;
				CLANG_WARN_DIRECT_OBJC_ISA_USAGE = YES_ERROR;
				CLANG_WARN_DOCUMENTATION_COMMENTS = YES;
				CLANG_WARN_EMPTY_BODY = YES;
				CLANG_WARN_ENUM_CONVERSION = YES;
				CLANG_WARN_INFINITE_RECURSION = YES;
				CLANG_WARN_INT_CONVERSION = YES;
				CLANG_WARN_NON_LITERAL_NULL_CONVERSION = YES;
				CLANG_WARN_OBJC_IMPLICIT_RETAIN_SELF = YES;
				CLANG_WARN_OBJC_LITERAL_CONVERSION = YES;
				CLANG_WARN_OBJC_ROOT_CLASS = YES_ERROR;
				CLANG_WARN_QUOTED_INCLUDE_IN_FRAMEWORK_HEADER = YES;
				CLANG_WARN_RANGE_LOOP_ANALYSIS = YES;
				CLANG_WARN_STRICT_PROTOTYPES = YES;
				CLANG_WARN_SUSPICIOUS_MOVE = YES;
				CLANG_WARN_UNGUARDED_AVAILABILITY = YES_AGGRESSIVE;
				CLANG_WARN_UNREACHABLE_CODE = YES;
				CLANG_WARN__DUPLICATE_METHOD_MATCH = YES;
				COPY_PHASE_STRIP = NO;
				DEBUG_INFORMATION_FORMAT = "dwarf-with-dsym";
				ENABLE_NS_ASSERTIONS = NO;
				ENABLE_STRICT_OBJC_MSGSEND = YES;
				GCC_C_LANGUAGE_STANDARD = gnu11;
				GCC_NO_COMMON_BLOCKS = YES;
				GCC_WARN_64_TO_32_BIT_CONVERSION = YES;
				GCC_WARN_ABOUT_RETURN_TYPE = YES_ERROR;
				GCC_WARN_UNDECLARED_SELECTOR = YES;
				GCC_WARN_UNINITIALIZED_AUTOS = YES_AGGRESSIVE;
				GCC_WARN_UNUSED_FUNCTION = YES;
				GCC_WARN_UNUSED_VARIABLE = YES;
				IPHONEOS_DEPLOYMENT_TARGET = 15.5;
				MTL_ENABLE_DEBUG_INFO = NO;
				MTL_FAST_MATH = YES;
				SDKROOT = iphoneos;
				SWIFT_COMPILATION_MODE = wholemodule;
				SWIFT_OPTIMIZATION_LEVEL = "-O";
				VALIDATE_PRODUCT = YES;
			};
			name = Release;
		};
		105C06AD284D50EF00B097F0 /* Debug */ = {
			isa = XCBuildConfiguration;
			baseConfigurationReference = 4E784E3802B3B193072AB0CB /* Pods-portfolyo.debug.xcconfig */;
			buildSettings = {
				ASSETCATALOG_COMPILER_APPICON_NAME = AppIcon;
				ASSETCATALOG_COMPILER_GLOBAL_ACCENT_COLOR_NAME = AccentColor;
				CODE_SIGN_STYLE = Automatic;
				CURRENT_PROJECT_VERSION = 1;
				DEBUG_INFORMATION_FORMAT = "dwarf-with-dsym";
				DEVELOPMENT_TEAM = NNJ59FP3TJ;
				GENERATE_INFOPLIST_FILE = YES;
				INFOPLIST_FILE = "portfolyo/Support Files/Info.plist";
				INFOPLIST_KEY_UIApplicationSupportsIndirectInputEvents = YES;
				INFOPLIST_KEY_UILaunchStoryboardName = LaunchScreen;
				INFOPLIST_KEY_UIRequiredDeviceCapabilities = armv7;
				INFOPLIST_KEY_UISupportedInterfaceOrientations = UIInterfaceOrientationPortrait;
				INFOPLIST_KEY_UISupportedInterfaceOrientations_iPad = "UIInterfaceOrientationPortrait UIInterfaceOrientationPortraitUpsideDown UIInterfaceOrientationLandscapeLeft UIInterfaceOrientationLandscapeRight";
				INFOPLIST_KEY_UISupportedInterfaceOrientations_iPhone = "UIInterfaceOrientationPortrait UIInterfaceOrientationLandscapeLeft UIInterfaceOrientationLandscapeRight";
				IPHONEOS_DEPLOYMENT_TARGET = 14.0;
				LD_RUNPATH_SEARCH_PATHS = (
					"$(inherited)",
					"@executable_path/Frameworks",
				);
				MARKETING_VERSION = 1.0;
				PRODUCT_BUNDLE_IDENTIFIER = "com.eren-celik.portfolyo";
				PRODUCT_NAME = "$(TARGET_NAME)";
				SWIFT_EMIT_LOC_STRINGS = YES;
				SWIFT_VERSION = 5.0;
				TARGETED_DEVICE_FAMILY = 1;
			};
			name = Debug;
		};
		105C06AE284D50EF00B097F0 /* Release */ = {
			isa = XCBuildConfiguration;
			baseConfigurationReference = 77006B66FD812CAB1418C10C /* Pods-portfolyo.release.xcconfig */;
			buildSettings = {
				ASSETCATALOG_COMPILER_APPICON_NAME = AppIcon;
				ASSETCATALOG_COMPILER_GLOBAL_ACCENT_COLOR_NAME = AccentColor;
				CODE_SIGN_STYLE = Automatic;
				CURRENT_PROJECT_VERSION = 1;
				DEBUG_INFORMATION_FORMAT = "dwarf-with-dsym";
				DEVELOPMENT_TEAM = NNJ59FP3TJ;
				GENERATE_INFOPLIST_FILE = YES;
				INFOPLIST_FILE = "portfolyo/Support Files/Info.plist";
				INFOPLIST_KEY_UIApplicationSupportsIndirectInputEvents = YES;
				INFOPLIST_KEY_UILaunchStoryboardName = LaunchScreen;
				INFOPLIST_KEY_UIRequiredDeviceCapabilities = armv7;
				INFOPLIST_KEY_UISupportedInterfaceOrientations = UIInterfaceOrientationPortrait;
				INFOPLIST_KEY_UISupportedInterfaceOrientations_iPad = "UIInterfaceOrientationPortrait UIInterfaceOrientationPortraitUpsideDown UIInterfaceOrientationLandscapeLeft UIInterfaceOrientationLandscapeRight";
				INFOPLIST_KEY_UISupportedInterfaceOrientations_iPhone = "UIInterfaceOrientationPortrait UIInterfaceOrientationLandscapeLeft UIInterfaceOrientationLandscapeRight";
				IPHONEOS_DEPLOYMENT_TARGET = 14.0;
				LD_RUNPATH_SEARCH_PATHS = (
					"$(inherited)",
					"@executable_path/Frameworks",
				);
				MARKETING_VERSION = 1.0;
				PRODUCT_BUNDLE_IDENTIFIER = "com.eren-celik.portfolyo";
				PRODUCT_NAME = "$(TARGET_NAME)";
				SWIFT_EMIT_LOC_STRINGS = YES;
				SWIFT_VERSION = 5.0;
				TARGETED_DEVICE_FAMILY = 1;
			};
			name = Release;
		};
		105D3502284E3E9B000EF063 /* Debug */ = {
			isa = XCBuildConfiguration;
			baseConfigurationReference = 322C46EAC35EFBCEC6AFD677 /* Pods-portfolyoTests.debug.xcconfig */;
			buildSettings = {
				BUNDLE_LOADER = "$(TEST_HOST)";
				CLANG_ENABLE_MODULES = YES;
				CODE_SIGN_STYLE = Automatic;
				CURRENT_PROJECT_VERSION = 1;
				DEVELOPMENT_TEAM = NNJ59FP3TJ;
				GENERATE_INFOPLIST_FILE = YES;
				LD_RUNPATH_SEARCH_PATHS = (
					"$(inherited)",
					"@executable_path/Frameworks",
					"@loader_path/Frameworks",
				);
				MARKETING_VERSION = 1.0;
				PRODUCT_BUNDLE_IDENTIFIER = "com.eren-celik.portfolyoTests";
				PRODUCT_NAME = "$(TARGET_NAME)";
				SWIFT_EMIT_LOC_STRINGS = NO;
				SWIFT_OBJC_BRIDGING_HEADER = "";
				SWIFT_OPTIMIZATION_LEVEL = "-Onone";
				SWIFT_PRECOMPILE_BRIDGING_HEADER = NO;
				SWIFT_VERSION = 5.0;
				TARGETED_DEVICE_FAMILY = "1,2";
				TEST_HOST = "$(BUILT_PRODUCTS_DIR)/portfolyo.app/portfolyo";
			};
			name = Debug;
		};
		105D3503284E3E9B000EF063 /* Release */ = {
			isa = XCBuildConfiguration;
			baseConfigurationReference = 764CCA30352C22269A15FF61 /* Pods-portfolyoTests.release.xcconfig */;
			buildSettings = {
				BUNDLE_LOADER = "$(TEST_HOST)";
				CLANG_ENABLE_MODULES = YES;
				CODE_SIGN_STYLE = Automatic;
				CURRENT_PROJECT_VERSION = 1;
				DEVELOPMENT_TEAM = NNJ59FP3TJ;
				GENERATE_INFOPLIST_FILE = YES;
				LD_RUNPATH_SEARCH_PATHS = (
					"$(inherited)",
					"@executable_path/Frameworks",
					"@loader_path/Frameworks",
				);
				MARKETING_VERSION = 1.0;
				PRODUCT_BUNDLE_IDENTIFIER = "com.eren-celik.portfolyoTests";
				PRODUCT_NAME = "$(TARGET_NAME)";
				SWIFT_EMIT_LOC_STRINGS = NO;
				SWIFT_OBJC_BRIDGING_HEADER = "";
				SWIFT_PRECOMPILE_BRIDGING_HEADER = NO;
				SWIFT_VERSION = 5.0;
				TARGETED_DEVICE_FAMILY = "1,2";
				TEST_HOST = "$(BUILT_PRODUCTS_DIR)/portfolyo.app/portfolyo";
			};
			name = Release;
		};
/* End XCBuildConfiguration section */

/* Begin XCConfigurationList section */
		105C0693284D50ED00B097F0 /* Build configuration list for PBXProject "portfolyo" */ = {
			isa = XCConfigurationList;
			buildConfigurations = (
				105C06AA284D50EF00B097F0 /* Debug */,
				105C06AB284D50EF00B097F0 /* Release */,
			);
			defaultConfigurationIsVisible = 0;
			defaultConfigurationName = Release;
		};
		105C06AC284D50EF00B097F0 /* Build configuration list for PBXNativeTarget "portfolyo" */ = {
			isa = XCConfigurationList;
			buildConfigurations = (
				105C06AD284D50EF00B097F0 /* Debug */,
				105C06AE284D50EF00B097F0 /* Release */,
			);
			defaultConfigurationIsVisible = 0;
			defaultConfigurationName = Release;
		};
		105D3504284E3E9B000EF063 /* Build configuration list for PBXNativeTarget "portfolyoTests" */ = {
			isa = XCConfigurationList;
			buildConfigurations = (
				105D3502284E3E9B000EF063 /* Debug */,
				105D3503284E3E9B000EF063 /* Release */,
			);
			defaultConfigurationIsVisible = 0;
			defaultConfigurationName = Release;
		};
/* End XCConfigurationList section */
	};
	rootObject = 105C0690284D50ED00B097F0 /* Project object */;
}
